
Microsoft Visual Studio Solution File, Format Version 11.00
# Visual Studio 2010
Project("{8BC9CEB8-8B4A-11D0-8D11-00A0C91BC942}") = "ExcepHandler", "ExcepHandler\ExcepHandler.vcxproj", "{85036833-B77E-4501-ADAF-172B1535C2D9}"
EndProject
Project("{8BC9CEB8-8B4A-11D0-8D11-00A0C91BC942}") = "MyDbg", "MyDbg\MyDbg.vcxproj", "{6BE16581-5053-412F-B43E-489143A9B620}"
EndProject
Global
	GlobalSection(SolutionConfigurationPlatforms) = preSolution
		Debug|Win32 = Debug|Win32
		Release|Win32 = Release|Win32
	EndGlobalSection
	GlobalSection(ProjectConfigurationPlatforms) = postSolution
		{85036833-B77E-4501-ADAF-172B1535C2D9}.Debug|Win32.ActiveCfg = Debug|Win32
		{85036833-B77E-4501-ADAF-172B1535C2D9}.Debug|Win32.Build.0 = Debug|Win32
		{85036833-B77E-4501-ADAF-172B1535C2D9}.Release|Win32.ActiveCfg = Release|Win32
		{85036833-B77E-4501-ADAF-172B1535C2D9}.Release|Win32.Build.0 = Release|Win32
		{6BE16581-5053-412F-B43E-489143A9B620}.Debug|Win32.ActiveCfg = Debug|Win32
		{6BE16581-5053-412F-B43E-489143A9B620}.Debug|Win32.Build.0 = Debug|Win32
		{6BE16581-5053-412F-B43E-489143A9B620}.Release|Win32.ActiveCfg = Release|Win32
		{6BE16581-5053-412F-B43E-489143A9B620}.Release|Win32.Build.0 = Release|Win32
	EndGlobalSection
	GlobalSection(SolutionProperties) = preSolution
		HideSolutionNode = FALSE
	EndGlobalSection
EndGlobal
